dependencies:
  espressif/led_strip:
    component_hash: f0d1b7f93eb3ee57bcfd220656176b0b5616e1947f89ed44364555cf910c4840
    dependencies:
    - name: idf
      require: private
      version: '>=5.0'
    source:
      registry_url: https://components.espressif.com/
      type: service
    version: 3.0.2
  idf:
    source:
      type: idf
    version: 5.5.1
direct_dependencies:
- espressif/led_strip
- idf
manifest_hash: 3b6a93336bf4125eab4895309c4117c5b9bdad7c000d457b459d40c5486449dd
target: esp32c6
version: 2.0.0
